// !$*UTF8*$!
{
	archiveVersion = 1;
	classes = {
	};
	objectVersion = 48;
	objects = {

/* Begin PBXBuildFile section */
		35AA00A51F993EC100973652 /* AppDelegate.swift in Sources */ = {isa = PBXBuildFile; fileRef = 35AA00A41F993EC100973652 /* AppDelegate.swift */; };
		35AA00A71F993EC100973652 /* ViewController.swift in Sources */ = {isa = PBXBuildFile; fileRef = 35AA00A61F993EC100973652 /* ViewController.swift */; };
		35AA00AA1F993EC100973652 /* Main.storyboard in Resources */ = {isa = PBXBuildFile; fileRef = 35AA00A81F993EC100973652 /* Main.storyboard */; };
		35AA00AC1F993EC100973652 /* Assets.xcassets in Resources */ = {isa = PBXBuildFile; fileRef = 35AA00AB1F993EC100973652 /* Assets.xcassets */; };
		35AA00AF1F993EC100973652 /* LaunchScreen.storyboard in Resources */ = {isa = PBXBuildFile; fileRef = 35AA00AD1F993EC100973652 /* LaunchScreen.storyboard */; };
		35AA00BA1F993EC200973652 /* GitHub_ViewerTests.swift in Sources */ = {isa = PBXBuildFile; fileRef = 35AA00B91F993EC200973652 /* GitHub_ViewerTests.swift */; };
		35AA00C51F993EC200973652 /* GitHub_ViewerUITests.swift in Sources */ = {isa = PBXBuildFile; fileRef = 35AA00C41F993EC200973652 /* GitHub_ViewerUITests.swift */; };
/* End PBXBuildFile section */

/* Begin PBXContainerItemProxy section */
		35AA00B61F993EC200973652 /* PBXContainerItemProxy */ = {
			isa = PBXContainerItemProxy;
			containerPortal = 35AA00991F993EC100973652 /* Project object */;
			proxyType = 1;
			remoteGlobalIDString = 35AA00A01F993EC100973652;
			remoteInfo = "GitHub Viewer";
		};
		35AA00C11F993EC200973652 /* PBXContainerItemProxy */ = {
			isa = PBXContainerItemProxy;
			containerPortal = 35AA00991F993EC100973652 /* Project object */;
			proxyType = 1;
			remoteGlobalIDString = 35AA00A01F993EC100973652;
			remoteInfo = "GitHub Viewer";
		};
/* End PBXContainerItemProxy section */

/* Begin PBXFileReference section */
		35AA00A11F993EC100973652 /* GitHub Viewer.app */ = {isa = PBXFileReference; explicitFileType = wrapper.application; includeInIndex = 0; path = "GitHub Viewer.app"; sourceTree = BUILT_PRODUCTS_DIR; };
		35AA00A41F993EC100973652 /* AppDelegate.swift */ = {isa = PBXFileReference; lastKnownFileType = sourcecode.swift; path = AppDelegate.swift; sourceTree = "<group>"; };
		35AA00A61F993EC100973652 /* ViewController.swift */ = {isa = PBXFileReference; lastKnownFileType = sourcecode.swift; path = ViewController.swift; sourceTree = "<group>"; };
		35AA00A91F993EC100973652 /* Base */ = {isa = PBXFileReference; lastKnownFileType = file.storyboard; name = Base; path = Base.lproj/Main.storyboard; sourceTree = "<group>"; };
		35AA00AB1F993EC100973652 /* Assets.xcassets */ = {isa = PBXFileReference; lastKnownFileType = folder.assetcatalog; path = Assets.xcassets; sourceTree = "<group>"; };
		35AA00AE1F993EC100973652 /* Base */ = {isa = PBXFileReference; lastKnownFileType = file.storyboard; name = Base; path = Base.lproj/LaunchScreen.storyboard; sourceTree = "<group>"; };
		35AA00B01F993EC100973652 /* Info.plist */ = {isa = PBXFileReference; lastKnownFileType = text.plist.xml; path = Info.plist; sourceTree = "<group>"; };
		35AA00B51F993EC200973652 /* GitHub ViewerTests.xctest */ = {isa = PBXFileReference; explicitFileType = wrapper.cfbundle; includeInIndex = 0; path = "GitHub ViewerTests.xctest"; sourceTree = BUILT_PRODUCTS_DIR; };
		35AA00B91F993EC200973652 /* GitHub_ViewerTests.swift */ = {isa = PBXFileReference; lastKnownFileType = sourcecode.swift; path = GitHub_ViewerTests.swift; sourceTree = "<group>"; };
		35AA00BB1F993EC200973652 /* Info.plist */ = {isa = PBXFileReference; lastKnownFileType = text.plist.xml; path = Info.plist; sourceTree = "<group>"; };
		35AA00C01F993EC200973652 /* GitHub ViewerUITests.xctest */ = {isa = PBXFileReference; explicitFileType = wrapper.cfbundle; includeInIndex = 0; path = "GitHub ViewerUITests.xctest"; sourceTree = BUILT_PRODUCTS_DIR; };
		35AA00C41F993EC200973652 /* GitHub_ViewerUITests.swift */ = {isa = PBXFileReference; lastKnownFileType = sourcecode.swift; path = GitHub_ViewerUITests.swift; sourceTree = "<group>"; };
		35AA00C61F993EC200973652 /* Info.plist */ = {isa = PBXFileReference; lastKnownFileType = text.plist.xml; path = Info.plist; sourceTree = "<group>"; };
/* End PBXFileReference section */

/* Begin PBXFrameworksBuildPhase section */
		35AA009E1F993EC100973652 /* Frameworks */ = {
			isa = PBXFrameworksBuildPhase;
			buildActionMask = 2147483647;
			files = (
			);
			runOnlyForDeploymentPostprocessing = 0;
		};
		35AA00B21F993EC200973652 /* Frameworks */ = {
			isa = PBXFrameworksBuildPhase;
			buildActionMask = 2147483647;
			files = (
			);
			runOnlyForDeploymentPostprocessing = 0;
		};
		35AA00BD1F993EC200973652 /* Frameworks */ = {
			isa = PBXFrameworksBuildPhase;
			buildActionMask = 2147483647;
			files = (
			);
			runOnlyForDeploymentPostprocessing = 0;
		};
/* End PBXFrameworksBuildPhase section */

/* Begin PBXGroup section */
		35AA00981F993EC100973652 = {
			isa = PBXGroup;
			children = (
				35AA00A31F993EC100973652 /* GitHub Viewer */,
				35AA00B81F993EC200973652 /* GitHub ViewerTests */,
				35AA00C31F993EC200973652 /* GitHub ViewerUITests */,
				35AA00A21F993EC100973652 /* Products */,
			);
			sourceTree = "<group>";
		};
		35AA00A21F993EC100973652 /* Products */ = {
			isa = PBXGroup;
			children = (
				35AA00A11F993EC100973652 /* GitHub Viewer.app */,
				35AA00B51F993EC200973652 /* GitHub ViewerTests.xctest */,
				35AA00C01F993EC200973652 /* GitHub ViewerUITests.xctest */,
			);
			name = Products;
			sourceTree = "<group>";
		};
		35AA00A31F993EC100973652 /* GitHub Viewer */ = {
			isa = PBXGroup;
			children = (
				35AA00A41F993EC100973652 /* AppDelegate.swift */,
				35AA00A61F993EC100973652 /* ViewController.swift */,
				35AA00A81F993EC100973652 /* Main.storyboard */,
				35AA00AB1F993EC100973652 /* Assets.xcassets */,
				35AA00AD1F993EC100973652 /* LaunchScreen.storyboard */,
				35AA00B01F993EC100973652 /* Info.plist */,
			);
			path = "GitHub Viewer";
			sourceTree = "<group>";
		};
		35AA00B81F993EC200973652 /* GitHub ViewerTests */ = {
			isa = PBXGroup;
			children = (
				35AA00B91F993EC200973652 /* GitHub_ViewerTests.swift */,
				35AA00BB1F993EC200973652 /* Info.plist */,
			);
			path = "GitHub ViewerTests";
			sourceTree = "<group>";
		};
		35AA00C31F993EC200973652 /* GitHub ViewerUITests */ = {
			isa = PBXGroup;
			children = (
				35AA00C41F993EC200973652 /* GitHub_ViewerUITests.swift */,
				35AA00C61F993EC200973652 /* Info.plist */,
			);
			path = "GitHub ViewerUITests";
			sourceTree = "<group>";
		};
/* End PBXGroup section */

/* Begin PBXNativeTarget section */
		35AA00A01F993EC100973652 /* GitHub Viewer */ = {
			isa = PBXNativeTarget;
			buildConfigurationList = 35AA00C91F993EC200973652 /* Build configuration list for PBXNativeTarget "GitHub Viewer" */;
			buildPhases = (
				35AA009D1F993EC100973652 /* Sources */,
				35AA009E1F993EC100973652 /* Frameworks */,
				35AA009F1F993EC100973652 /* Resources */,
			);
			buildRules = (
			);
			dependencies = (
			);
			name = "GitHub Viewer";
			productName = "GitHub Viewer";
			productReference = 35AA00A11F993EC100973652 /* GitHub Viewer.app */;
			productType = "com.apple.product-type.application";
		};
		35AA00B41F993EC200973652 /* GitHub ViewerTests */ = {
			isa = PBXNativeTarget;
			buildConfigurationList = 35AA00CC1F993EC200973652 /* Build configuration list for PBXNativeTarget "GitHub ViewerTests" */;
			buildPhases = (
				35AA00B11F993EC200973652 /* Sources */,
				35AA00B21F993EC200973652 /* Frameworks */,
				35AA00B31F993EC200973652 /* Resources */,
			);
			buildRules = (
			);
			dependencies = (
				35AA00B71F993EC200973652 /* PBXTargetDependency */,
			);
			name = "GitHub ViewerTests";
			productName = "GitHub ViewerTests";
			productReference = 35AA00B51F993EC200973652 /* GitHub ViewerTests.xctest */;
			productType = "com.apple.product-type.bundle.unit-test";
		};
		35AA00BF1F993EC200973652 /* GitHub ViewerUITests */ = {
			isa = PBXNativeTarget;
			buildConfigurationList = 35AA00CF1F993EC200973652 /* Build configuration list for PBXNativeTarget "GitHub ViewerUITests" */;
			buildPhases = (
				35AA00BC1F993EC200973652 /* Sources */,
				35AA00BD1F993EC200973652 /* Frameworks */,
				35AA00BE1F993EC200973652 /* Resources */,
			);
			buildRules = (
			);
			dependencies = (
				35AA00C21F993EC200973652 /* PBXTargetDependency */,
			);
			name = "GitHub ViewerUITests";
			productName = "GitHub ViewerUITests";
			productReference = 35AA00C01F993EC200973652 /* GitHub ViewerUITests.xctest */;
			productType = "com.apple.product-type.bundle.ui-testing";
		};
/* End PBXNativeTarget section */

/* Begin PBXProject section */
		35AA00991F993EC100973652 /* Project object */ = {
			isa = PBXProject;
			attributes = {
				LastSwiftUpdateCheck = 0820;
				LastUpgradeCheck = 0820;
				ORGANIZATIONNAME = "Sujay Patwardhan";
				TargetAttributes = {
					35AA00A01F993EC100973652 = {
						CreatedOnToolsVersion = 8.2.1;
						ProvisioningStyle = Automatic;
					};
					35AA00B41F993EC200973652 = {
						CreatedOnToolsVersion = 8.2.1;
						ProvisioningStyle = Automatic;
						TestTargetID = 35AA00A01F993EC100973652;
					};
					35AA00BF1F993EC200973652 = {
						CreatedOnToolsVersion = 8.2.1;
						ProvisioningStyle = Automatic;
						TestTargetID = 35AA00A01F993EC100973652;
					};
				};
			};
			buildConfigurationList = 35AA009C1F993EC100973652 /* Build configuration list for PBXProject "GitHub Viewer" */;
			compatibilityVersion = "Xcode 8.0";
			developmentRegion = English;
			hasScannedForEncodings = 0;
			knownRegions = (
				en,
				Base,
			);
			mainGroup = 35AA00981F993EC100973652;
			productRefGroup = 35AA00A21F993EC100973652 /* Products */;
			projectDirPath = "";
			projectRoot = "";
			targets = (
				35AA00A01F993EC100973652 /* GitHub Viewer */,
				35AA00B41F993EC200973652 /* GitHub ViewerTests */,
				35AA00BF1F993EC200973652 /* GitHub ViewerUITests */,
			);
		};
/* End PBXProject section */

/* Begin PBXResourcesBuildPhase section */
		35AA009F1F993EC100973652 /* Resources */ = {
			isa = PBXResourcesBuildPhase;
			buildActionMask = 2147483647;
			files = (
				35AA00AF1F993EC100973652 /* LaunchScreen.storyboard in Resources */,
				35AA00AC1F993EC100973652 /* Assets.xcassets in Resources */,
				35AA00AA1F993EC100973652 /* Main.storyboard in Resources */,
			);
			runOnlyForDeploymentPostprocessing = 0;
		};
		35AA00B31F993EC200973652 /* Resources */ = {
			isa = PBXResourcesBuildPhase;
			buildActionMask = 2147483647;
			files = (
			);
			runOnlyForDeploymentPostprocessing = 0;
		};
		35AA00BE1F993EC200973652 /* Resources */ = {
			isa = PBXResourcesBuildPhase;
			buildActionMask = 2147483647;
			files = (
			);
			runOnlyForDeploymentPostprocessing = 0;
		};
/* End PBXResourcesBuildPhase section */

/* Begin PBXSourcesBuildPhase section */
		35AA009D1F993EC100973652 /* Sources */ = {
			isa = PBXSourcesBuildPhase;
			buildActionMask = 2147483647;
			files = (
				35AA00A71F993EC100973652 /* ViewController.swift in Sources */,
				35AA00A51F993EC100973652 /* AppDelegate.swift in Sources */,
			);
			runOnlyForDeploymentPostprocessing = 0;
		};
		35AA00B11F993EC200973652 /* Sources */ = {
			isa = PBXSourcesBuildPhase;
			buildActionMask = 2147483647;
			files = (
				35AA00BA1F993EC200973652 /* GitHub_ViewerTests.swift in Sources */,
			);
			runOnlyForDeploymentPostprocessing = 0;
		};
		35AA00BC1F993EC200973652 /* Sources */ = {
			isa = PBXSourcesBuildPhase;
			buildActionMask = 2147483647;
			files = (
				35AA00C51F993EC200973652 /* GitHub_ViewerUITests.swift in Sources */,
			);
			runOnlyForDeploymentPostprocessing = 0;
		};
/* End PBXSourcesBuildPhase section */

/* Begin PBXTargetDependency section */
		35AA00B71F993EC200973652 /* PBXTargetDependency */ = {
			isa = PBXTargetDependency;
			target = 35AA00A01F993EC100973652 /* GitHub Viewer */;
			targetProxy = 35AA00B61F993EC200973652 /* PBXContainerItemProxy */;
		};
		35AA00C21F993EC200973652 /* PBXTargetDependency */ = {
			isa = PBXTargetDependency;
			target = 35AA00A01F993EC100973652 /* GitHub Viewer */;
			targetProxy = 35AA00C11F993EC200973652 /* PBXContainerItemProxy */;
		};
/* End PBXTargetDependency section */

/* Begin PBXVariantGroup section */
		35AA00A81F993EC100973652 /* Main.storyboard */ = {
			isa = PBXVariantGroup;
			children = (
				35AA00A91F993EC100973652 /* Base */,
			);
			name = Main.storyboard;
			sourceTree = "<group>";
		};
		35AA00AD1F993EC100973652 /* LaunchScreen.storyboard */ = {
			isa = PBXVariantGroup;
			children = (
				35AA00AE1F993EC100973652 /* Base */,
			);
			name = LaunchScreen.storyboard;
			sourceTree = "<group>";
		};
/* End PBXVariantGroup section */

/* Begin XCBuildConfiguration section */
		35AA00C71F993EC200973652 /* Debug */ = {
			isa = XCBuildConfiguration;
			buildSettings = {
				ALWAYS_SEARCH_USER_PATHS = NO;
				CLANG_ANALYZER_NONNULL = YES;
				CLANG_CXX_LANGUAGE_STANDARD = "gnu++0x";
				CLANG_CXX_LIBRARY = "libc++";
				CLANG_ENABLE_MODULES = YES;
				CLANG_ENABLE_OBJC_ARC = YES;
				CLANG_WARN_BOOL_CONVERSION = YES;
				CLANG_WARN_CONSTANT_CONVERSION = YES;
				CLANG_WARN_DIRECT_OBJC_ISA_USAGE = YES_ERROR;
				CLANG_WARN_DOCUMENTATION_COMMENTS = YES;
				CLANG_WARN_EMPTY_BODY = YES;
				CLANG_WARN_ENUM_CONVERSION = YES;
				CLANG_WARN_INFINITE_RECURSION = YES;
				CLANG_WARN_INT_CONVERSION = YES;
				CLANG_WARN_OBJC_ROOT_CLASS = YES_ERROR;
				CLANG_WARN_SUSPICIOUS_MOVE = YES;
				CLANG_WARN_UNREACHABLE_CODE = YES;
				CLANG_WARN__DUPLICATE_METHOD_MATCH = YES;
				"CODE_SIGN_IDENTITY[sdk=iphoneos*]" = "iPhone Developer";
				COPY_PHASE_STRIP = NO;
				DEBUG_INFORMATION_FORMAT = dwarf;
				ENABLE_STRICT_OBJC_MSGSEND = YES;
				ENABLE_TESTABILITY = YES;
				GCC_C_LANGUAGE_STANDARD = gnu99;
				GCC_DYNAMIC_NO_PIC = NO;
				GCC_NO_COMMON_BLOCKS = YES;
				GCC_OPTIMIZATION_LEVEL = 0;
				GCC_PREPROCESSOR_DEFINITIONS = (
					"DEBUG=1",
					"$(inherited)",
				);
				GCC_WARN_64_TO_32_BIT_CONVERSION = YES;
				GCC_WARN_ABOUT_RETURN_TYPE = YES_ERROR;
				GCC_WARN_UNDECLARED_SELECTOR = YES;
				GCC_WARN_UNINITIALIZED_AUTOS = YES_AGGRESSIVE;
				GCC_WARN_UNUSED_FUNCTION = YES;
				GCC_WARN_UNUSED_VARIABLE = YES;
				IPHONEOS_DEPLOYMENT_TARGET = 10.2;
				MTL_ENABLE_DEBUG_INFO = YES;
				ONLY_ACTIVE_ARCH = YES;
				SDKROOT = iphoneos;
				SWIFT_ACTIVE_COMPILATION_CONDITIONS = DEBUG;
				SWIFT_OPTIMIZATION_LEVEL = "-Onone";
				TARGETED_DEVICE_FAMILY = "1,2";
			};
			name = Debug;
		};
		35AA00C81F993EC200973652 /* Release */ = {
			isa = XCBuildConfiguration;
			buildSettings = {
				ALWAYS_SEARCH_USER_PATHS = NO;
				CLANG_ANALYZER_NONNULL = YES;
				CLANG_CXX_LANGUAGE_STANDARD = "gnu++0x";
				CLANG_CXX_LIBRARY = "libc++";
				CLANG_ENABLE_MODULES = YES;
				CLANG_ENABLE_OBJC_ARC = YES;
				CLANG_WARN_BOOL_CONVERSION = YES;
				CLANG_WARN_CONSTANT_CONVERSION = YES;
				CLANG_WARN_DIRECT_OBJC_ISA_USAGE = YES_ERROR;
				CLANG_WARN_DOCUMENTATION_COMMENTS = YES;
				CLANG_WARN_EMPTY_BODY = YES;
				CLANG_WARN_ENUM_CONVERSION = YES;
				CLANG_WARN_INFINITE_RECURSION = YES;
				CLANG_WARN_INT_CONVERSION = YES;
				CLANG_WARN_OBJC_ROOT_CLASS = YES_ERROR;
				CLANG_WARN_SUSPICIOUS_MOVE = YES;
				CLANG_WARN_UNREACHABLE_CODE = YES;
				CLANG_WARN__DUPLICATE_METHOD_MATCH = YES;
				"CODE_SIGN_IDENTITY[sdk=iphoneos*]" = "iPhone Developer";
				COPY_PHASE_STRIP = NO;
				DEBUG_INFORMATION_FORMAT = "dwarf-with-dsym";
				ENABLE_NS_ASSERTIONS = NO;
				ENABLE_STRICT_OBJC_MSGSEND = YES;
				GCC_C_LANGUAGE_STANDARD = gnu99;
				GCC_NO_COMMON_BLOCKS = YES;
				GCC_WARN_64_TO_32_BIT_CONVERSION = YES;
				GCC_WARN_ABOUT_RETURN_TYPE = YES_ERROR;
				GCC_WARN_UNDECLARED_SELECTOR = YES;
				GCC_WARN_UNINITIALIZED_AUTOS = YES_AGGRESSIVE;
				GCC_WARN_UNUSED_FUNCTION = YES;
				GCC_WARN_UNUSED_VARIABLE = YES;
				IPHONEOS_DEPLOYMENT_TARGET = 10.2;
				MTL_ENABLE_DEBUG_INFO = NO;
				SDKROOT = iphoneos;
				SWIFT_OPTIMIZATION_LEVEL = "-Owholemodule";
				TARGETED_DEVICE_FAMILY = "1,2";
				VALIDATE_PRODUCT = YES;
			};
			name = Release;
		};
		35AA00CA1F993EC200973652 /* Debug */ = {
			isa = XCBuildConfiguration;
			buildSettings = {
				ASSETCATALOG_COMPILER_APPICON_NAME = AppIcon;
				DEVELOPMENT_TEAM = 9SQMYH43X2;
				INFOPLIST_FILE = "GitHub Viewer/Info.plist";
				LD_RUNPATH_SEARCH_PATHS = "$(inherited) @executable_path/Frameworks";
				PRODUCT_BUNDLE_IDENTIFIER = "com.sujay.GitHub-Viewer";
				PRODUCT_NAME = "$(TARGET_NAME)";
				SWIFT_VERSION = 3.0;
			};
			name = Debug;
		};
		35AA00CB1F993EC200973652 /* Release */ = {
			isa = XCBuildConfiguration;
			buildSettings = {
				ASSETCATALOG_COMPILER_APPICON_NAME = AppIcon;
				DEVELOPMENT_TEAM = 9SQMYH43X2;
				INFOPLIST_FILE = "GitHub Viewer/Info.plist";
				LD_RUNPATH_SEARCH_PATHS = "$(inherited) @executable_path/Frameworks";
				PRODUCT_BUNDLE_IDENTIFIER = "com.sujay.GitHub-Viewer";
				PRODUCT_NAME = "$(TARGET_NAME)";
				SWIFT_VERSION = 3.0;
			};
			name = Release;
		};
		35AA00CD1F993EC200973652 /* Debug */ = {
			isa = XCBuildConfiguration;
			buildSettings = {
				ALWAYS_EMBED_SWIFT_STANDARD_LIBRARIES = YES;
				BUNDLE_LOADER = "$(TEST_HOST)";
				DEVELOPMENT_TEAM = 9SQMYH43X2;
				INFOPLIST_FILE = "GitHub ViewerTests/Info.plist";
				LD_RUNPATH_SEARCH_PATHS = "$(inherited) @executable_path/Frameworks @loader_path/Frameworks";
				PRODUCT_BUNDLE_IDENTIFIER = "com.sujay.GitHub-ViewerTests";
				PRODUCT_NAME = "$(TARGET_NAME)";
				SWIFT_VERSION = 3.0;
				TEST_HOST = "$(BUILT_PRODUCTS_DIR)/GitHub Viewer.app/GitHub Viewer";
			};
			name = Debug;
		};
		35AA00CE1F993EC200973652 /* Release */ = {
			isa = XCBuildConfiguration;
			buildSettings = {
				ALWAYS_EMBED_SWIFT_STANDARD_LIBRARIES = YES;
				BUNDLE_LOADER = "$(TEST_HOST)";
				DEVELOPMENT_TEAM = 9SQMYH43X2;
				INFOPLIST_FILE = "GitHub ViewerTests/Info.plist";
				LD_RUNPATH_SEARCH_PATHS = "$(inherited) @executable_path/Frameworks @loader_path/Frameworks";
				PRODUCT_BUNDLE_IDENTIFIER = "com.sujay.GitHub-ViewerTests";
				PRODUCT_NAME = "$(TARGET_NAME)";
				SWIFT_VERSION = 3.0;
				TEST_HOST = "$(BUILT_PRODUCTS_DIR)/GitHub Viewer.app/GitHub Viewer";
			};
			name = Release;
		};
		35AA00D01F993EC200973652 /* Debug */ = {
			isa = XCBuildConfiguration;
			buildSettings = {
				ALWAYS_EMBED_SWIFT_STANDARD_LIBRARIES = YES;
				DEVELOPMENT_TEAM = 9SQMYH43X2;
				INFOPLIST_FILE = "GitHub ViewerUITests/Info.plist";
				LD_RUNPATH_SEARCH_PATHS = "$(inherited) @executable_path/Frameworks @loader_path/Frameworks";
				PRODUCT_BUNDLE_IDENTIFIER = "com.sujay.GitHub-ViewerUITests";
				PRODUCT_NAME = "$(TARGET_NAME)";
				SWIFT_VERSION = 3.0;
				TEST_TARGET_NAME = "GitHub Viewer";
			};
			name = Debug;
		};
		35AA00D11F993EC200973652 /* Release */ = {
			isa = XCBuildConfiguration;
			buildSettings = {
				ALWAYS_EMBED_SWIFT_STANDARD_LIBRARIES = YES;
				DEVELOPMENT_TEAM = 9SQMYH43X2;
				INFOPLIST_FILE = "GitHub ViewerUITests/Info.plist";
				LD_RUNPATH_SEARCH_PATHS = "$(inherited) @executable_path/Frameworks @loader_path/Frameworks";
				PRODUCT_BUNDLE_IDENTIFIER = "com.sujay.GitHub-ViewerUITests";
				PRODUCT_NAME = "$(TARGET_NAME)";
				SWIFT_VERSION = 3.0;
				TEST_TARGET_NAME = "GitHub Viewer";
			};
			name = Release;
		};
/* End XCBuildConfiguration section */

/* Begin XCConfigurationList section */
		35AA009C1F993EC100973652 /* Build configuration list for PBXProject "GitHub Viewer" */ = {
			isa = XCConfigurationList;
			buildConfigurations = (
				35AA00C71F993EC200973652 /* Debug */,
				35AA00C81F993EC200973652 /* Release */,
			);
			defaultConfigurationIsVisible = 0;
			defaultConfigurationName = Release;
		};
		35AA00C91F993EC200973652 /* Build configuration list for PBXNativeTarget "GitHub Viewer" */ = {
			isa = XCConfigurationList;
			buildConfigurations = (
				35AA00CA1F993EC200973652 /* Debug */,
				35AA00CB1F993EC200973652 /* Release */,
			);
			defaultConfigurationIsVisible = 0;
		};
		35AA00CC1F993EC200973652 /* Build configuration list for PBXNativeTarget "GitHub ViewerTests" */ = {
			isa = XCConfigurationList;
			buildConfigurations = (
				35AA00CD1F993EC200973652 /* Debug */,
				35AA00CE1F993EC200973652 /* Release */,
			);
			defaultConfigurationIsVisible = 0;
		};
		35AA00CF1F993EC200973652 /* Build configuration list for PBXNativeTarget "GitHub ViewerUITests" */ = {
			isa = XCConfigurationList;
			buildConfigurations = (
				35AA00D01F993EC200973652 /* Debug */,
				35AA00D11F993EC200973652 /* Release */,
			);
			defaultConfigurationIsVisible = 0;
		};
/* End XCConfigurationList section */
	};
	rootObject = 35AA00991F993EC100973652 /* Project object */;
}
